github.com/BurntSushi/toml v1.6.0 h1:dRaEfpa2VI55EwlIW72hMRHdWouJeRF7TPYhI+AUQjk=
github.com/BurntSushi/toml v1.6.0/go.mod h1:ukJfTF/6rtPPRCnwkur4qwRxa8vTRFBF0uk2lLoLwho=
github.com/Polshkrev/gopolutils v1.37.0 h1:aWwP5KZk/yUWXJIX+yB1eICx6NWvvHFetEJZEXCW0ps=
github.com/Polshkrev/gopolutils v1.37.0/go.mod h1:VN99j8xJdOMIu7AzzC2/GKrW3RzqblzhzCoLSzQGfLY=
github.com/Polshkrev/goserialize v0.10.0 h1:yuEXy11YcrSMkwwRfLphwEGUlzwuSlf5vESs3d0eJvs=
github.com/Polshkrev/goserialize v0.10.0/go.mod h1:MNr8B1/V3qtWRYBpSocvvVpS0JguibHnvc02ce34crc=
github.com/Polshkrev/otvet v0.1.0 h1:lCrXsYvc+0L3d3duKVHN/Utj+EuCrnAYoVNHr7fKbLw=
github.com/Polshkrev/otvet v0.1.0/go.mod h1:bxlNSSW/E24JhCQvEA+59ohanDSNP9s5JpkQOysioLk=
