github.com/Polshkrev/gopolutils v1.23.0 h1:IWH0eGW1SB0S2bfIPg/gE9zvQLo1y1aKjr4OYNiW6tg=
github.com/Polshkrev/gopolutils v1.23.0/go.mod h1:9g034aXfJ8elAV6JUFXF9Aldkedb5cnh+HErvIMQd2o=
github.com/Polshkrev/otvet v0.0.0-20251116185905-4fe762f188f0 h1:IhhO+FsQEkQ4lz7HqaF7pxN8B9nsqw9aVDuEtZ0t634=
github.com/Polshkrev/otvet v0.0.0-20251116185905-4fe762f188f0/go.mod h1:bxlNSSW/E24JhCQvEA+59ohanDSNP9s5JpkQOysioLk=
